lockfileVersion: 5.4

importers:

  .:
    specifiers:
      turbo: 1.8.6
    devDependencies:
      turbo: 1.8.6

packages:

  /turbo-darwin-64/1.8.6:
    resolution: {integrity: sha512-VlXkQR0TEBAEyBRsvAXBax+fj1EdPKPliwBaCnRLiDUcA/8wYlKte/Kk6ubmj9E0n7U/B4keCxxHiJZqW/5Rqg==}
    cpu: [x64]
    os: [darwin]
    requiresBuild: true
    dev: true
    optional: true

  /turbo-darwin-arm64/1.8.6:
    resolution: {integrity: sha512-w4L2QLj90ex68UXxTPoqtZPl8mWzc6a1RtPjQhoxAWtZf9T2WXi813dCzYEbVUVC09/DOW/VxZRN7sb2r0KP9A==}
    cpu: [arm64]
    os: [darwin]
    requiresBuild: true
    dev: true
    optional: true

  /turbo-linux-64/1.8.6:
    resolution: {integrity: sha512-eV245jefIhMAZskqQKalFwreC5UEdQcuHcBiWcgUk0py76fbwB7+1HfH5cmeJlb3a1sB6f3H0HHmGPmb34feCA==}
    cpu: [x64]
    os: [linux]
    requiresBuild: true
    dev: true
    optional: true

  /turbo-linux-arm64/1.8.6:
    resolution: {integrity: sha512-Kiw3nyEvNU6Bpil4zE5FwhasPAOi59R4YdCmjJp0Sen6V9u+/Jij6SWwaoUdATORJLiYQBbhontWBH55B53VDw==}
    cpu: [arm64]
    os: [linux]
    requiresBuild: true
    dev: true
    optional: true

  /turbo-windows-64/1.8.6:
    resolution: {integrity: sha512-34BkAG9r4nE00xeMeVahaF82h8R6SO+IIOcD60fNr2p+Ch+YcQa+DbEWA/KUj3coUTIiNP5XnRCLRUYADdlxjQ==}
    cpu: [x64]
    os: [win32]
    requiresBuild: true
    dev: true
    optional: true

  /turbo-windows-arm64/1.8.6:
    resolution: {integrity: sha512-4jWUaI7Lmonp2I3x81GruiCYd0aQsG/xDOYhuv9+j2yIgB/UHJFz/P8PWp/nziwPtGpRd/AheDlPzzyd9lWoqw==}
    cpu: [arm64]
    os: [win32]
    requiresBuild: true
    dev: true
    optional: true

  /turbo/1.8.6:
    resolution: {integrity: sha512-6IOOaa8ytgjnSCTnp3LKAd2uGBZ/Kmx8ZPlI/YMWuKMUqvkXKLbh+w76ApMgMm+faUqti+QujVWovCu2kY6KuQ==}
    hasBin: true
    requiresBuild: true
    optionalDependencies:
      turbo-darwin-64: 1.8.6
      turbo-darwin-arm64: 1.8.6
      turbo-linux-64: 1.8.6
      turbo-linux-arm64: 1.8.6
      turbo-windows-64: 1.8.6
      turbo-windows-arm64: 1.8.6
    dev: true
